
Microsoft Visual Studio Solution File, Format Version 12.00
# Visual Studio Version 17
VisualStudioVersion = 17.8.34511.84
MinimumVisualStudioVersion = 10.0.40219.1
Project("{FAE04EC0-301F-11D3-BF4B-00C04F79EFBC}") = "MoveObject", "MoveObject\MoveObject.csproj", "{1DD080D2-B936-478A-85F4-95FF13AE88A3}"
EndProject
Global
	GlobalSection(SolutionConfigurationPlatforms) = preSolution
		Debug|Any CPU = Debug|Any CPU
		Release|Any CPU = Release|Any CPU
	EndGlobalSection
	GlobalSection(ProjectConfigurationPlatforms) = postSolution
		{1DD080D2-B936-478A-85F4-95FF13AE88A3}.Debug|Any CPU.ActiveCfg = Debug|Any CPU
		{1DD080D2-B936-478A-85F4-95FF13AE88A3}.Debug|Any CPU.Build.0 = Debug|Any CPU
		{1DD080D2-B936-478A-85F4-95FF13AE88A3}.Release|Any CPU.ActiveCfg = Release|Any CPU
		{1DD080D2-B936-478A-85F4-95FF13AE88A3}.Release|Any CPU.Build.0 = Release|Any CPU
	EndGlobalSection
	GlobalSection(SolutionProperties) = preSolution
		HideSolutionNode = FALSE
	EndGlobalSection
	GlobalSection(ExtensibilityGlobals) = postSolution
		SolutionGuid = {649EC7A4-C364-4FF6-9B00-78E25497C8FD}
	EndGlobalSection
EndGlobal
