
Microsoft Visual Studio Solution File, Format Version 12.00
# Visual Studio Version 17
VisualStudioVersion = 17.8.34511.84
MinimumVisualStudioVersion = 10.0.40219.1
Project("{FAE04EC0-301F-11D3-BF4B-00C04F79EFBC}") = "WindowsFormsApp_SapXepMang", "WindowsFormsApp_SapXepMang\WindowsFormsApp_SapXepMang.csproj", "{83BD3814-3FF0-48B4-A230-5B717C1BA4A5}"
EndProject
Global
	GlobalSection(SolutionConfigurationPlatforms) = preSolution
		Debug|Any CPU = Debug|Any CPU
		Release|Any CPU = Release|Any CPU
	EndGlobalSection
	GlobalSection(ProjectConfigurationPlatforms) = postSolution
		{83BD3814-3FF0-48B4-A230-5B717C1BA4A5}.Debug|Any CPU.ActiveCfg = Debug|Any CPU
		{83BD3814-3FF0-48B4-A230-5B717C1BA4A5}.Debug|Any CPU.Build.0 = Debug|Any CPU
		{83BD3814-3FF0-48B4-A230-5B717C1BA4A5}.Release|Any CPU.ActiveCfg = Release|Any CPU
		{83BD3814-3FF0-48B4-A230-5B717C1BA4A5}.Release|Any CPU.Build.0 = Release|Any CPU
	EndGlobalSection
	GlobalSection(SolutionProperties) = preSolution
		HideSolutionNode = FALSE
	EndGlobalSection
	GlobalSection(ExtensibilityGlobals) = postSolution
		SolutionGuid = {09195F67-1708-4CFE-AFB1-8509BC94C209}
	EndGlobalSection
EndGlobal
