
Microsoft Visual Studio Solution File, Format Version 12.00
# Visual Studio Version 17
VisualStudioVersion = 17.8.34511.84
MinimumVisualStudioVersion = 10.0.40219.1
Project("{FAE04EC0-301F-11D3-BF4B-00C04F79EFBC}") = "WindowsFormsApp_AnimalRace", "WindowsFormsApp_AnimalRace\WindowsFormsApp_AnimalRace.csproj", "{AA57871F-67AE-4D78-88F2-66B23A6298B0}"
EndProject
Global
	GlobalSection(SolutionConfigurationPlatforms) = preSolution
		Debug|Any CPU = Debug|Any CPU
		Release|Any CPU = Release|Any CPU
	EndGlobalSection
	GlobalSection(ProjectConfigurationPlatforms) = postSolution
		{AA57871F-67AE-4D78-88F2-66B23A6298B0}.Debug|Any CPU.ActiveCfg = Debug|Any CPU
		{AA57871F-67AE-4D78-88F2-66B23A6298B0}.Debug|Any CPU.Build.0 = Debug|Any CPU
		{AA57871F-67AE-4D78-88F2-66B23A6298B0}.Release|Any CPU.ActiveCfg = Release|Any CPU
		{AA57871F-67AE-4D78-88F2-66B23A6298B0}.Release|Any CPU.Build.0 = Release|Any CPU
	EndGlobalSection
	GlobalSection(SolutionProperties) = preSolution
		HideSolutionNode = FALSE
	EndGlobalSection
	GlobalSection(ExtensibilityGlobals) = postSolution
		SolutionGuid = {200E1B3F-2E16-4585-9495-C687BF6188C1}
	EndGlobalSection
EndGlobal
