
Microsoft Visual Studio Solution File, Format Version 12.00
# Visual Studio Version 17
VisualStudioVersion = 17.8.34511.84
MinimumVisualStudioVersion = 10.0.40219.1
Project("{FAE04EC0-301F-11D3-BF4B-00C04F79EFBC}") = "WindowsFormsApp_HocToan", "WindowsFormsApp_HocToan\WindowsFormsApp_HocToan.csproj", "{07D38BA2-E5F7-43E5-81EF-A2A5781058D2}"
EndProject
Global
	GlobalSection(SolutionConfigurationPlatforms) = preSolution
		Debug|Any CPU = Debug|Any CPU
		Release|Any CPU = Release|Any CPU
	EndGlobalSection
	GlobalSection(ProjectConfigurationPlatforms) = postSolution
		{07D38BA2-E5F7-43E5-81EF-A2A5781058D2}.Debug|Any CPU.ActiveCfg = Debug|Any CPU
		{07D38BA2-E5F7-43E5-81EF-A2A5781058D2}.Debug|Any CPU.Build.0 = Debug|Any CPU
		{07D38BA2-E5F7-43E5-81EF-A2A5781058D2}.Release|Any CPU.ActiveCfg = Release|Any CPU
		{07D38BA2-E5F7-43E5-81EF-A2A5781058D2}.Release|Any CPU.Build.0 = Release|Any CPU
	EndGlobalSection
	GlobalSection(SolutionProperties) = preSolution
		HideSolutionNode = FALSE
	EndGlobalSection
	GlobalSection(ExtensibilityGlobals) = postSolution
		SolutionGuid = {69EFE4B2-19BF-4523-BED3-FD2586FF02CC}
	EndGlobalSection
EndGlobal
