
Microsoft Visual Studio Solution File, Format Version 12.00
# Visual Studio Version 17
VisualStudioVersion = 17.8.34511.84
MinimumVisualStudioVersion = 10.0.40219.1
Project("{FAE04EC0-301F-11D3-BF4B-00C04F79EFBC}") = "WindowsFormsApp_QuaySo", "WindowsFormsApp_QuaySo\WindowsFormsApp_QuaySo.csproj", "{A7F12E90-1694-4A5B-ABAF-C6F389D6051C}"
EndProject
Global
	GlobalSection(SolutionConfigurationPlatforms) = preSolution
		Debug|Any CPU = Debug|Any CPU
		Release|Any CPU = Release|Any CPU
	EndGlobalSection
	GlobalSection(ProjectConfigurationPlatforms) = postSolution
		{A7F12E90-1694-4A5B-ABAF-C6F389D6051C}.Debug|Any CPU.ActiveCfg = Debug|Any CPU
		{A7F12E90-1694-4A5B-ABAF-C6F389D6051C}.Debug|Any CPU.Build.0 = Debug|Any CPU
		{A7F12E90-1694-4A5B-ABAF-C6F389D6051C}.Release|Any CPU.ActiveCfg = Release|Any CPU
		{A7F12E90-1694-4A5B-ABAF-C6F389D6051C}.Release|Any CPU.Build.0 = Release|Any CPU
	EndGlobalSection
	GlobalSection(SolutionProperties) = preSolution
		HideSolutionNode = FALSE
	EndGlobalSection
	GlobalSection(ExtensibilityGlobals) = postSolution
		SolutionGuid = {2A0BC17C-9391-47C2-973E-73284D77E975}
	EndGlobalSection
EndGlobal
