
Microsoft Visual Studio Solution File, Format Version 12.00
# Visual Studio Version 17
VisualStudioVersion = 17.8.34511.84
MinimumVisualStudioVersion = 10.0.40219.1
Project("{FAE04EC0-301F-11D3-BF4B-00C04F79EFBC}") = "WindowsFormsApp_QuanLyNhanVien", "WindowsFormsApp_QuanLyNhanVien\WindowsFormsApp_QuanLyNhanVien.csproj", "{A44C6EC9-9C1B-4547-9D7C-EC77378DE388}"
EndProject
Global
	GlobalSection(SolutionConfigurationPlatforms) = preSolution
		Debug|Any CPU = Debug|Any CPU
		Release|Any CPU = Release|Any CPU
	EndGlobalSection
	GlobalSection(ProjectConfigurationPlatforms) = postSolution
		{A44C6EC9-9C1B-4547-9D7C-EC77378DE388}.Debug|Any CPU.ActiveCfg = Debug|Any CPU
		{A44C6EC9-9C1B-4547-9D7C-EC77378DE388}.Debug|Any CPU.Build.0 = Debug|Any CPU
		{A44C6EC9-9C1B-4547-9D7C-EC77378DE388}.Release|Any CPU.ActiveCfg = Release|Any CPU
		{A44C6EC9-9C1B-4547-9D7C-EC77378DE388}.Release|Any CPU.Build.0 = Release|Any CPU
	EndGlobalSection
	GlobalSection(SolutionProperties) = preSolution
		HideSolutionNode = FALSE
	EndGlobalSection
	GlobalSection(ExtensibilityGlobals) = postSolution
		SolutionGuid = {22B0546F-5C38-4802-8228-0F72C77DFF21}
	EndGlobalSection
EndGlobal
