
Microsoft Visual Studio Solution File, Format Version 12.00
# Visual Studio Version 17
VisualStudioVersion = 17.8.34511.84
MinimumVisualStudioVersion = 10.0.40219.1
Project("{FAE04EC0-301F-11D3-BF4B-00C04F79EFBC}") = "WindowsFormsApp_SimplePaint", "WindowsFormsApp_SimplePaint\WindowsFormsApp_SimplePaint.csproj", "{3260A35C-B936-44C9-9A42-9C445CCCF07B}"
EndProject
Global
	GlobalSection(SolutionConfigurationPlatforms) = preSolution
		Debug|Any CPU = Debug|Any CPU
		Release|Any CPU = Release|Any CPU
	EndGlobalSection
	GlobalSection(ProjectConfigurationPlatforms) = postSolution
		{3260A35C-B936-44C9-9A42-9C445CCCF07B}.Debug|Any CPU.ActiveCfg = Debug|Any CPU
		{3260A35C-B936-44C9-9A42-9C445CCCF07B}.Debug|Any CPU.Build.0 = Debug|Any CPU
		{3260A35C-B936-44C9-9A42-9C445CCCF07B}.Release|Any CPU.ActiveCfg = Release|Any CPU
		{3260A35C-B936-44C9-9A42-9C445CCCF07B}.Release|Any CPU.Build.0 = Release|Any CPU
	EndGlobalSection
	GlobalSection(SolutionProperties) = preSolution
		HideSolutionNode = FALSE
	EndGlobalSection
	GlobalSection(ExtensibilityGlobals) = postSolution
		SolutionGuid = {14031D34-596A-42BC-AFB8-AF0FD497852D}
	EndGlobalSection
EndGlobal
